
Microsoft Visual Studio Solution File, Format Version 12.00
# Visual Studio Version 16
VisualStudioVersion = 16.0.30804.86
MinimumVisualStudioVersion = 10.0.40219.1
Project("{FAE04EC0-301F-11D3-BF4B-00C04F79EFBC}") = "TesteWebApi", "TesteWebApi\TesteWebApi.csproj", "{D115B011-EB6A-4F12-A4CB-0C5FF1E7AB30}"
EndProject
Project("{FAE04EC0-301F-11D3-BF4B-00C04F79EFBC}") = "WebApiTeste", "WebApiTeste\WebApiTeste.csproj", "{A5E277DF-176A-413C-83E5-038A7BF4A230}"
EndProject
Global
	GlobalSection(SolutionConfigurationPlatforms) = preSolution
		Debug|Any CPU = Debug|Any CPU
		Release|Any CPU = Release|Any CPU
	EndGlobalSection
	GlobalSection(ProjectConfigurationPlatforms) = postSolution
		{D115B011-EB6A-4F12-A4CB-0C5FF1E7AB30}.Debug|Any CPU.ActiveCfg = Debug|Any CPU
		{D115B011-EB6A-4F12-A4CB-0C5FF1E7AB30}.Debug|Any CPU.Build.0 = Debug|Any CPU
		{D115B011-EB6A-4F12-A4CB-0C5FF1E7AB30}.Release|Any CPU.ActiveCfg = Release|Any CPU
		{D115B011-EB6A-4F12-A4CB-0C5FF1E7AB30}.Release|Any CPU.Build.0 = Release|Any CPU
		{A5E277DF-176A-413C-83E5-038A7BF4A230}.Debug|Any CPU.ActiveCfg = Debug|Any CPU
		{A5E277DF-176A-413C-83E5-038A7BF4A230}.Debug|Any CPU.Build.0 = Debug|Any CPU
		{A5E277DF-176A-413C-83E5-038A7BF4A230}.Release|Any CPU.ActiveCfg = Release|Any CPU
		{A5E277DF-176A-413C-83E5-038A7BF4A230}.Release|Any CPU.Build.0 = Release|Any CPU
	EndGlobalSection
	GlobalSection(SolutionProperties) = preSolution
		HideSolutionNode = FALSE
	EndGlobalSection
	GlobalSection(ExtensibilityGlobals) = postSolution
		SolutionGuid = {20CAB117-B0FF-4AFB-8DC2-07B908DAB2E2}
	EndGlobalSection
EndGlobal
